
Microsoft Visual Studio Solution File, Format Version 12.00
# Visual Studio 15
VisualStudioVersion = 15.0.28307.1705
MinimumVisualStudioVersion = 10.0.40219.1
Project("{8BC9CEB8-8B4A-11D0-8D11-00A0C91BC942}") = "ConsoleApplication2", "ConsoleApplication2\ConsoleApplication2.vcxproj", "{769515A0-EE8C-4E5F-B2D2-F3316C4D26EE}"
EndProject
Global
	GlobalSection(SolutionConfigurationPlatforms) = preSolution
		Debug|x64 = Debug|x64
		Debug|x86 = Debug|x86
		Release|x64 = Release|x64
		Release|x86 = Release|x86
	EndGlobalSection
	GlobalSection(ProjectConfigurationPlatforms) = postSolution
		{769515A0-EE8C-4E5F-B2D2-F3316C4D26EE}.Debug|x64.ActiveCfg = Debug|x64
		{769515A0-EE8C-4E5F-B2D2-F3316C4D26EE}.Debug|x64.Build.0 = Debug|x64
		{769515A0-EE8C-4E5F-B2D2-F3316C4D26EE}.Debug|x86.ActiveCfg = Debug|Win32
		{769515A0-EE8C-4E5F-B2D2-F3316C4D26EE}.Debug|x86.Build.0 = Debug|Win32
		{769515A0-EE8C-4E5F-B2D2-F3316C4D26EE}.Release|x64.ActiveCfg = Release|x64
		{769515A0-EE8C-4E5F-B2D2-F3316C4D26EE}.Release|x64.Build.0 = Release|x64
		{769515A0-EE8C-4E5F-B2D2-F3316C4D26EE}.Release|x86.ActiveCfg = Release|Win32
		{769515A0-EE8C-4E5F-B2D2-F3316C4D26EE}.Release|x86.Build.0 = Release|Win32
	EndGlobalSection
	GlobalSection(SolutionProperties) = preSolution
		HideSolutionNode = FALSE
	EndGlobalSection
	GlobalSection(ExtensibilityGlobals) = postSolution
		SolutionGuid = {73E759DB-14AF-4520-BDDD-65170CE9E9C2}
	EndGlobalSection
EndGlobal
